
Microsoft Visual Studio Solution File, Format Version 12.00
# Visual Studio Version 17
VisualStudioVersion = 17.14.36623.8
MinimumVisualStudioVersion = 10.0.40219.1
Project("{FAE04EC0-301F-11D3-BF4B-00C04F79EFBC}") = "Task 1", "Task 1\Task 1.csproj", "{688449DA-A40D-4E62-927C-0640DD4E9244}"
EndProject
Project("{FAE04EC0-301F-11D3-BF4B-00C04F79EFBC}") = "Task 2", "Task 2\Task 2.csproj", "{DAF82EEA-9834-49C3-A23C-82D376BB1AE6}"
EndProject
Project("{FAE04EC0-301F-11D3-BF4B-00C04F79EFBC}") = "Task 3", "Task 3\Task 3.csproj", "{48345E0C-969E-427F-96D4-25DCCCEA8EBF}"
EndProject
Project("{FAE04EC0-301F-11D3-BF4B-00C04F79EFBC}") = "Task  4", "Task  4\Task  4.csproj", "{D87AC818-B559-40FB-ADA1-02195038DEDA}"
EndProject
Project("{FAE04EC0-301F-11D3-BF4B-00C04F79EFBC}") = "Task 5", "Task 5\Task 5.csproj", "{525B2A8E-CA5A-4085-9346-3542844CB957}"
EndProject
Global
	GlobalSection(SolutionConfigurationPlatforms) = preSolution
		Debug|Any CPU = Debug|Any CPU
		Release|Any CPU = Release|Any CPU
	EndGlobalSection
	GlobalSection(ProjectConfigurationPlatforms) = postSolution
		{688449DA-A40D-4E62-927C-0640DD4E9244}.Debug|Any CPU.ActiveCfg = Debug|Any CPU
		{688449DA-A40D-4E62-927C-0640DD4E9244}.Debug|Any CPU.Build.0 = Debug|Any CPU
		{688449DA-A40D-4E62-927C-0640DD4E9244}.Release|Any CPU.ActiveCfg = Release|Any CPU
		{688449DA-A40D-4E62-927C-0640DD4E9244}.Release|Any CPU.Build.0 = Release|Any CPU
		{DAF82EEA-9834-49C3-A23C-82D376BB1AE6}.Debug|Any CPU.ActiveCfg = Debug|Any CPU
		{DAF82EEA-9834-49C3-A23C-82D376BB1AE6}.Debug|Any CPU.Build.0 = Debug|Any CPU
		{DAF82EEA-9834-49C3-A23C-82D376BB1AE6}.Release|Any CPU.ActiveCfg = Release|Any CPU
		{DAF82EEA-9834-49C3-A23C-82D376BB1AE6}.Release|Any CPU.Build.0 = Release|Any CPU
		{48345E0C-969E-427F-96D4-25DCCCEA8EBF}.Debug|Any CPU.ActiveCfg = Debug|Any CPU
		{48345E0C-969E-427F-96D4-25DCCCEA8EBF}.Debug|Any CPU.Build.0 = Debug|Any CPU
		{48345E0C-969E-427F-96D4-25DCCCEA8EBF}.Release|Any CPU.ActiveCfg = Release|Any CPU
		{48345E0C-969E-427F-96D4-25DCCCEA8EBF}.Release|Any CPU.Build.0 = Release|Any CPU
		{D87AC818-B559-40FB-ADA1-02195038DEDA}.Debug|Any CPU.ActiveCfg = Debug|Any CPU
		{D87AC818-B559-40FB-ADA1-02195038DEDA}.Debug|Any CPU.Build.0 = Debug|Any CPU
		{D87AC818-B559-40FB-ADA1-02195038DEDA}.Release|Any CPU.ActiveCfg = Release|Any CPU
		{D87AC818-B559-40FB-ADA1-02195038DEDA}.Release|Any CPU.Build.0 = Release|Any CPU
		{525B2A8E-CA5A-4085-9346-3542844CB957}.Debug|Any CPU.ActiveCfg = Debug|Any CPU
		{525B2A8E-CA5A-4085-9346-3542844CB957}.Debug|Any CPU.Build.0 = Debug|Any CPU
		{525B2A8E-CA5A-4085-9346-3542844CB957}.Release|Any CPU.ActiveCfg = Release|Any CPU
		{525B2A8E-CA5A-4085-9346-3542844CB957}.Release|Any CPU.Build.0 = Release|Any CPU
	EndGlobalSection
	GlobalSection(SolutionProperties) = preSolution
		HideSolutionNode = FALSE
	EndGlobalSection
	GlobalSection(ExtensibilityGlobals) = postSolution
		SolutionGuid = {1BAD522C-85A1-40A6-8A37-4E0E90475CDE}
	EndGlobalSection
EndGlobal
